// !$*UTF8*$!
{
	archiveVersion = 1;
	classes = {
	};
	objectVersion = 55;
	objects = {

/* Begin PBXBuildFile section */
		525689AD29B496E2004AD4BA /* UIImageViewExtensions.swift in Sources */ = {isa = PBXBuildFile; fileRef = 525689AC29B496E2004AD4BA /* UIImageViewExtensions.swift */; };
		525689B429C19FED004AD4BA /* ApiResponce.swift in Sources */ = {isa = PBXBuildFile; fileRef = 525689B329C19FED004AD4BA /* ApiResponce.swift */; };
		525689B729C1A222004AD4BA /* Alamofire in Frameworks */ = {isa = PBXBuildFile; productRef = 525689B629C1A222004AD4BA /* Alamofire */; };
		525689B929C2154E004AD4BA /* LoadingView.swift in Sources */ = {isa = PBXBuildFile; fileRef = 525689B829C2154E004AD4BA /* LoadingView.swift */; };
		525689BD29C9A29D004AD4BA /* MainViewModel.swift in Sources */ = {isa = PBXBuildFile; fileRef = 525689BC29C9A29D004AD4BA /* MainViewModel.swift */; };
		525689BF29C9A961004AD4BA /* DetailsViewModel.swift in Sources */ = {isa = PBXBuildFile; fileRef = 525689BE29C9A961004AD4BA /* DetailsViewModel.swift */; };
		525689C129C9A9BA004AD4BA /* ApiParams.swift in Sources */ = {isa = PBXBuildFile; fileRef = 525689C029C9A9BA004AD4BA /* ApiParams.swift */; };
		52B564E7299E1C1600295B7F /* AppDelegate.swift in Sources */ = {isa = PBXBuildFile; fileRef = 52B564E6299E1C1600295B7F /* AppDelegate.swift */; };
		52B564E9299E1C1600295B7F /* SceneDelegate.swift in Sources */ = {isa = PBXBuildFile; fileRef = 52B564E8299E1C1600295B7F /* SceneDelegate.swift */; };
		52B564F0299E1C1700295B7F /* Assets.xcassets in Resources */ = {isa = PBXBuildFile; fileRef = 52B564EF299E1C1700295B7F /* Assets.xcassets */; };
		52B564FF299F7D6A00295B7F /* MainViewController.swift in Sources */ = {isa = PBXBuildFile; fileRef = 52B564FE299F7D6A00295B7F /* MainViewController.swift */; };
		52C943AE29AB7BDB0032B417 /* DetailsViewController.swift in Sources */ = {isa = PBXBuildFile; fileRef = 52C943AD29AB7BDB0032B417 /* DetailsViewController.swift */; };
		52C943B129ABB51A0032B417 /* Kingfisher in Frameworks */ = {isa = PBXBuildFile; productRef = 52C943B029ABB51A0032B417 /* Kingfisher */; };
		52E3C6E4299FCC8600D7C18F /* CollectionViewPagingLayout in Frameworks */ = {isa = PBXBuildFile; productRef = 52E3C6E3299FCC8600D7C18F /* CollectionViewPagingLayout */; };
		52E3C6E6299FCE0C00D7C18F /* MainCell.swift in Sources */ = {isa = PBXBuildFile; fileRef = 52E3C6E5299FCE0C00D7C18F /* MainCell.swift */; };
		52E5079329A0C11D0076F85E /* Character.swift in Sources */ = {isa = PBXBuildFile; fileRef = 52E5079229A0C11D0076F85E /* Character.swift */; };
		52E5079729A11B080076F85E /* TriangleView.swift in Sources */ = {isa = PBXBuildFile; fileRef = 52E5079629A11B080076F85E /* TriangleView.swift */; };
/* End PBXBuildFile section */

/* Begin PBXFileReference section */
		525689AC29B496E2004AD4BA /* UIImageViewExtensions.swift */ = {isa = PBXFileReference; lastKnownFileType = sourcecode.swift; path = UIImageViewExtensions.swift; sourceTree = "<group>"; };
		525689B329C19FED004AD4BA /* ApiResponce.swift */ = {isa = PBXFileReference; fileEncoding = 4; lastKnownFileType = sourcecode.swift; path = ApiResponce.swift; sourceTree = "<group>"; };
		525689B829C2154E004AD4BA /* LoadingView.swift */ = {isa = PBXFileReference; lastKnownFileType = sourcecode.swift; path = LoadingView.swift; sourceTree = "<group>"; };
		525689BC29C9A29D004AD4BA /* MainViewModel.swift */ = {isa = PBXFileReference; lastKnownFileType = sourcecode.swift; path = MainViewModel.swift; sourceTree = "<group>"; };
		525689BE29C9A961004AD4BA /* DetailsViewModel.swift */ = {isa = PBXFileReference; lastKnownFileType = sourcecode.swift; path = DetailsViewModel.swift; sourceTree = "<group>"; };
		525689C029C9A9BA004AD4BA /* ApiParams.swift */ = {isa = PBXFileReference; lastKnownFileType = sourcecode.swift; path = ApiParams.swift; sourceTree = "<group>"; };
		52B564E3299E1C1600295B7F /* ios-effective-labs.app */ = {isa = PBXFileReference; explicitFileType = wrapper.application; includeInIndex = 0; path = "ios-effective-labs.app"; sourceTree = BUILT_PRODUCTS_DIR; };
		52B564E6299E1C1600295B7F /* AppDelegate.swift */ = {isa = PBXFileReference; lastKnownFileType = sourcecode.swift; path = AppDelegate.swift; sourceTree = "<group>"; };
		52B564E8299E1C1600295B7F /* SceneDelegate.swift */ = {isa = PBXFileReference; lastKnownFileType = sourcecode.swift; path = SceneDelegate.swift; sourceTree = "<group>"; };
		52B564EF299E1C1700295B7F /* Assets.xcassets */ = {isa = PBXFileReference; lastKnownFileType = folder.assetcatalog; path = Assets.xcassets; sourceTree = "<group>"; };
		52B564F4299E1C1700295B7F /* Info.plist */ = {isa = PBXFileReference; lastKnownFileType = text.plist.xml; path = Info.plist; sourceTree = "<group>"; };
		52B564FE299F7D6A00295B7F /* MainViewController.swift */ = {isa = PBXFileReference; lastKnownFileType = sourcecode.swift; path = MainViewController.swift; sourceTree = "<group>"; };
		52C943AD29AB7BDB0032B417 /* DetailsViewController.swift */ = {isa = PBXFileReference; lastKnownFileType = sourcecode.swift; path = DetailsViewController.swift; sourceTree = "<group>"; };
		52E3C6E5299FCE0C00D7C18F /* MainCell.swift */ = {isa = PBXFileReference; lastKnownFileType = sourcecode.swift; path = MainCell.swift; sourceTree = "<group>"; };
		52E5079229A0C11D0076F85E /* Character.swift */ = {isa = PBXFileReference; lastKnownFileType = sourcecode.swift; path = Character.swift; sourceTree = "<group>"; };
		52E5079629A11B080076F85E /* TriangleView.swift */ = {isa = PBXFileReference; lastKnownFileType = sourcecode.swift; path = TriangleView.swift; sourceTree = "<group>"; };
/* End PBXFileReference section */

/* Begin PBXFrameworksBuildPhase section */
		52B564E0299E1C1600295B7F /* Frameworks */ = {
			isa = PBXFrameworksBuildPhase;
			buildActionMask = 2147483647;
			files = (
				525689B729C1A222004AD4BA /* Alamofire in Frameworks */,
				52C943B129ABB51A0032B417 /* Kingfisher in Frameworks */,
				52E3C6E4299FCC8600D7C18F /* CollectionViewPagingLayout in Frameworks */,
			);
			runOnlyForDeploymentPostprocessing = 0;
		};
/* End PBXFrameworksBuildPhase section */

/* Begin PBXGroup section */
		525689AB29B496C2004AD4BA /* Extensions */ = {
			isa = PBXGroup;
			children = (
				525689AC29B496E2004AD4BA /* UIImageViewExtensions.swift */,
			);
			path = Extensions;
			sourceTree = "<group>";
		};
		525689BA29C9A101004AD4BA /* MainScreen */ = {
			isa = PBXGroup;
			children = (
				52B564FE299F7D6A00295B7F /* MainViewController.swift */,
				525689BC29C9A29D004AD4BA /* MainViewModel.swift */,
			);
			path = MainScreen;
			sourceTree = "<group>";
		};
		525689BB29C9A220004AD4BA /* DetailsScreen */ = {
			isa = PBXGroup;
			children = (
				52C943AD29AB7BDB0032B417 /* DetailsViewController.swift */,
				525689BE29C9A961004AD4BA /* DetailsViewModel.swift */,
			);
			path = DetailsScreen;
			sourceTree = "<group>";
		};
		52B564DA299E1C1600295B7F = {
			isa = PBXGroup;
			children = (
				52B564E5299E1C1600295B7F /* ios-effective-labs */,
				52B564E4299E1C1600295B7F /* Products */,
			);
			sourceTree = "<group>";
		};
		52B564E4299E1C1600295B7F /* Products */ = {
			isa = PBXGroup;
			children = (
				52B564E3299E1C1600295B7F /* ios-effective-labs.app */,
			);
			name = Products;
			sourceTree = "<group>";
		};
		52B564E5299E1C1600295B7F /* ios-effective-labs */ = {
			isa = PBXGroup;
			children = (
				525689BB29C9A220004AD4BA /* DetailsScreen */,
				525689BA29C9A101004AD4BA /* MainScreen */,
				525689AB29B496C2004AD4BA /* Extensions */,
				52E5079129A0C1010076F85E /* Model */,
				52B564E6299E1C1600295B7F /* AppDelegate.swift */,
				52B564E8299E1C1600295B7F /* SceneDelegate.swift */,
				52B564EF299E1C1700295B7F /* Assets.xcassets */,
				52B564F4299E1C1700295B7F /* Info.plist */,
				52E3C6E5299FCE0C00D7C18F /* MainCell.swift */,
				52E5079629A11B080076F85E /* TriangleView.swift */,
				525689B829C2154E004AD4BA /* LoadingView.swift */,
			);
			path = "ios-effective-labs";
			sourceTree = "<group>";
		};
		52E5079129A0C1010076F85E /* Model */ = {
			isa = PBXGroup;
			children = (
				525689B329C19FED004AD4BA /* ApiResponce.swift */,
				52E5079229A0C11D0076F85E /* Character.swift */,
				525689C029C9A9BA004AD4BA /* ApiParams.swift */,
			);
			path = Model;
			sourceTree = "<group>";
		};
/* End PBXGroup section */

/* Begin PBXNativeTarget section */
		52B564E2299E1C1600295B7F /* ios-effective-labs */ = {
			isa = PBXNativeTarget;
			buildConfigurationList = 52B564F7299E1C1700295B7F /* Build configuration list for PBXNativeTarget "ios-effective-labs" */;
			buildPhases = (
				52B564DF299E1C1600295B7F /* Sources */,
				52B564E0299E1C1600295B7F /* Frameworks */,
				52B564E1299E1C1600295B7F /* Resources */,
			);
			buildRules = (
			);
			dependencies = (
			);
			name = "ios-effective-labs";
			packageProductDependencies = (
				52E3C6E3299FCC8600D7C18F /* CollectionViewPagingLayout */,
				52C943B029ABB51A0032B417 /* Kingfisher */,
				525689B629C1A222004AD4BA /* Alamofire */,
			);
			productName = "ios-effective-labs";
			productReference = 52B564E3299E1C1600295B7F /* ios-effective-labs.app */;
			productType = "com.apple.product-type.application";
		};
/* End PBXNativeTarget section */

/* Begin PBXProject section */
		52B564DB299E1C1600295B7F /* Project object */ = {
			isa = PBXProject;
			attributes = {
				BuildIndependentTargetsInParallel = 1;
				LastSwiftUpdateCheck = 1320;
				LastUpgradeCheck = 1320;
				TargetAttributes = {
					52B564E2299E1C1600295B7F = {
						CreatedOnToolsVersion = 13.2.1;
					};
				};
			};
			buildConfigurationList = 52B564DE299E1C1600295B7F /* Build configuration list for PBXProject "ios-effective-labs" */;
			compatibilityVersion = "Xcode 13.0";
			developmentRegion = en;
			hasScannedForEncodings = 0;
			knownRegions = (
				en,
				Base,
			);
			mainGroup = 52B564DA299E1C1600295B7F;
			packageReferences = (
				52E3C6E2299FCC8600D7C18F /* XCRemoteSwiftPackageReference "CollectionViewPagingLayout" */,
				52C943AF29ABB51A0032B417 /* XCRemoteSwiftPackageReference "Kingfisher" */,
				525689B529C1A222004AD4BA /* XCRemoteSwiftPackageReference "Alamofire" */,
			);
			productRefGroup = 52B564E4299E1C1600295B7F /* Products */;
			projectDirPath = "";
			projectRoot = "";
			targets = (
				52B564E2299E1C1600295B7F /* ios-effective-labs */,
			);
		};
/* End PBXProject section */

/* Begin PBXResourcesBuildPhase section */
		52B564E1299E1C1600295B7F /* Resources */ = {
			isa = PBXResourcesBuildPhase;
			buildActionMask = 2147483647;
			files = (
				52B564F0299E1C1700295B7F /* Assets.xcassets in Resources */,
			);
			runOnlyForDeploymentPostprocessing = 0;
		};
/* End PBXResourcesBuildPhase section */

/* Begin PBXSourcesBuildPhase section */
		52B564DF299E1C1600295B7F /* Sources */ = {
			isa = PBXSourcesBuildPhase;
			buildActionMask = 2147483647;
			files = (
				52B564E7299E1C1600295B7F /* AppDelegate.swift in Sources */,
				525689BF29C9A961004AD4BA /* DetailsViewModel.swift in Sources */,
				52B564FF299F7D6A00295B7F /* MainViewController.swift in Sources */,
				525689C129C9A9BA004AD4BA /* ApiParams.swift in Sources */,
				52E5079329A0C11D0076F85E /* Character.swift in Sources */,
				525689B929C2154E004AD4BA /* LoadingView.swift in Sources */,
				52C943AE29AB7BDB0032B417 /* DetailsViewController.swift in Sources */,
				525689BD29C9A29D004AD4BA /* MainViewModel.swift in Sources */,
				525689AD29B496E2004AD4BA /* UIImageViewExtensions.swift in Sources */,
				52E3C6E6299FCE0C00D7C18F /* MainCell.swift in Sources */,
				52B564E9299E1C1600295B7F /* SceneDelegate.swift in Sources */,
				52E5079729A11B080076F85E /* TriangleView.swift in Sources */,
				525689B429C19FED004AD4BA /* ApiResponce.swift in Sources */,
			);
			runOnlyForDeploymentPostprocessing = 0;
		};
/* End PBXSourcesBuildPhase section */

/* Begin XCBuildConfiguration section */
		52B564F5299E1C1700295B7F /* Debug */ = {
			isa = XCBuildConfiguration;
			buildSettings = {
				ALWAYS_SEARCH_USER_PATHS = NO;
				CLANG_ANALYZER_NONNULL = YES;
				CLANG_ANALYZER_NUMBER_OBJECT_CONVERSION = YES_AGGRESSIVE;
				CLANG_CXX_LANGUAGE_STANDARD = "gnu++17";
				CLANG_CXX_LIBRARY = "libc++";
				CLANG_ENABLE_MODULES = YES;
				CLANG_ENABLE_OBJC_ARC = YES;
				CLANG_ENABLE_OBJC_WEAK = YES;
				CLANG_WARN_BLOCK_CAPTURE_AUTORELEASING = YES;
				CLANG_WARN_BOOL_CONVERSION = YES;
				CLANG_WARN_COMMA = YES;
				CLANG_WARN_CONSTANT_CONVERSION = YES;
				CLANG_WARN_DEPRECATED_OBJC_IMPLEMENTATIONS = YES;
				CLANG_WARN_DIRECT_OBJC_ISA_USAGE = YES_ERROR;
				CLANG_WARN_DOCUMENTATION_COMMENTS = YES;
				CLANG_WARN_EMPTY_BODY = YES;
				CLANG_WARN_ENUM_CONVERSION = YES;
				CLANG_WARN_INFINITE_RECURSION = YES;
				CLANG_WARN_INT_CONVERSION = YES;
				CLANG_WARN_NON_LITERAL_NULL_CONVERSION = YES;
				CLANG_WARN_OBJC_IMPLICIT_RETAIN_SELF = YES;
				CLANG_WARN_OBJC_LITERAL_CONVERSION = YES;
				CLANG_WARN_OBJC_ROOT_CLASS = YES_ERROR;
				CLANG_WARN_QUOTED_INCLUDE_IN_FRAMEWORK_HEADER = YES;
				CLANG_WARN_RANGE_LOOP_ANALYSIS = YES;
				CLANG_WARN_STRICT_PROTOTYPES = YES;
				CLANG_WARN_SUSPICIOUS_MOVE = YES;
				CLANG_WARN_UNGUARDED_AVAILABILITY = YES_AGGRESSIVE;
				CLANG_WARN_UNREACHABLE_CODE = YES;
				CLANG_WARN__DUPLICATE_METHOD_MATCH = YES;
				COPY_PHASE_STRIP = NO;
				DEBUG_INFORMATION_FORMAT = dwarf;
				ENABLE_STRICT_OBJC_MSGSEND = YES;
				ENABLE_TESTABILITY = YES;
				GCC_C_LANGUAGE_STANDARD = gnu11;
				GCC_DYNAMIC_NO_PIC = NO;
				GCC_NO_COMMON_BLOCKS = YES;
				GCC_OPTIMIZATION_LEVEL = 0;
				GCC_PREPROCESSOR_DEFINITIONS = (
					"DEBUG=1",
					"$(inherited)",
				);
				GCC_WARN_64_TO_32_BIT_CONVERSION = YES;
				GCC_WARN_ABOUT_RETURN_TYPE = YES_ERROR;
				GCC_WARN_UNDECLARED_SELECTOR = YES;
				GCC_WARN_UNINITIALIZED_AUTOS = YES_AGGRESSIVE;
				GCC_WARN_UNUSED_FUNCTION = YES;
				GCC_WARN_UNUSED_VARIABLE = YES;
				IPHONEOS_DEPLOYMENT_TARGET = 15.2;
				MTL_ENABLE_DEBUG_INFO = INCLUDE_SOURCE;
				MTL_FAST_MATH = YES;
				ONLY_ACTIVE_ARCH = YES;
				SDKROOT = iphoneos;
				SWIFT_ACTIVE_COMPILATION_CONDITIONS = DEBUG;
				SWIFT_OPTIMIZATION_LEVEL = "-Onone";
			};
			name = Debug;
		};
		52B564F6299E1C1700295B7F /* Release */ = {
			isa = XCBuildConfiguration;
			buildSettings = {
				ALWAYS_SEARCH_USER_PATHS = NO;
				CLANG_ANALYZER_NONNULL = YES;
				CLANG_ANALYZER_NUMBER_OBJECT_CONVERSION = YES_AGGRESSIVE;
				CLANG_CXX_LANGUAGE_STANDARD = "gnu++17";
				CLANG_CXX_LIBRARY = "libc++";
				CLANG_ENABLE_MODULES = YES;
				CLANG_ENABLE_OBJC_ARC = YES;
				CLANG_ENABLE_OBJC_WEAK = YES;
				CLANG_WARN_BLOCK_CAPTURE_AUTORELEASING = YES;
				CLANG_WARN_BOOL_CONVERSION = YES;
				CLANG_WARN_COMMA = YES;
				CLANG_WARN_CONSTANT_CONVERSION = YES;
				CLANG_WARN_DEPRECATED_OBJC_IMPLEMENTATIONS = YES;
				CLANG_WARN_DIRECT_OBJC_ISA_USAGE = YES_ERROR;
				CLANG_WARN_DOCUMENTATION_COMMENTS = YES;
				CLANG_WARN_EMPTY_BODY = YES;
				CLANG_WARN_ENUM_CONVERSION = YES;
				CLANG_WARN_INFINITE_RECURSION = YES;
				CLANG_WARN_INT_CONVERSION = YES;
				CLANG_WARN_NON_LITERAL_NULL_CONVERSION = YES;
				CLANG_WARN_OBJC_IMPLICIT_RETAIN_SELF = YES;
				CLANG_WARN_OBJC_LITERAL_CONVERSION = YES;
				CLANG_WARN_OBJC_ROOT_CLASS = YES_ERROR;
				CLANG_WARN_QUOTED_INCLUDE_IN_FRAMEWORK_HEADER = YES;
				CLANG_WARN_RANGE_LOOP_ANALYSIS = YES;
				CLANG_WARN_STRICT_PROTOTYPES = YES;
				CLANG_WARN_SUSPICIOUS_MOVE = YES;
				CLANG_WARN_UNGUARDED_AVAILABILITY = YES_AGGRESSIVE;
				CLANG_WARN_UNREACHABLE_CODE = YES;
				CLANG_WARN__DUPLICATE_METHOD_MATCH = YES;
				COPY_PHASE_STRIP = NO;
				DEBUG_INFORMATION_FORMAT = "dwarf-with-dsym";
				ENABLE_NS_ASSERTIONS = NO;
				ENABLE_STRICT_OBJC_MSGSEND = YES;
				GCC_C_LANGUAGE_STANDARD = gnu11;
				GCC_NO_COMMON_BLOCKS = YES;
				GCC_WARN_64_TO_32_BIT_CONVERSION = YES;
				GCC_WARN_ABOUT_RETURN_TYPE = YES_ERROR;
				GCC_WARN_UNDECLARED_SELECTOR = YES;
				GCC_WARN_UNINITIALIZED_AUTOS = YES_AGGRESSIVE;
				GCC_WARN_UNUSED_FUNCTION = YES;
				GCC_WARN_UNUSED_VARIABLE = YES;
				IPHONEOS_DEPLOYMENT_TARGET = 15.2;
				MTL_ENABLE_DEBUG_INFO = NO;
				MTL_FAST_MATH = YES;
				SDKROOT = iphoneos;
				SWIFT_COMPILATION_MODE = wholemodule;
				SWIFT_OPTIMIZATION_LEVEL = "-O";
				VALIDATE_PRODUCT = YES;
			};
			name = Release;
		};
		52B564F8299E1C1700295B7F /* Debug */ = {
			isa = XCBuildConfiguration;
			buildSettings = {
				ASSETCATALOG_COMPILER_APPICON_NAME = AppIcon;
				ASSETCATALOG_COMPILER_GLOBAL_ACCENT_COLOR_NAME = AccentColor;
				CODE_SIGN_STYLE = Automatic;
				CURRENT_PROJECT_VERSION = 1;
				DEVELOPMENT_TEAM = 5L432PDZBS;
				GENERATE_INFOPLIST_FILE = YES;
				INFOPLIST_FILE = "ios-effective-labs/Info.plist";
				INFOPLIST_KEY_UIApplicationSupportsIndirectInputEvents = YES;
				INFOPLIST_KEY_UILaunchStoryboardName = LaunchScreen;
				INFOPLIST_KEY_UISupportedInterfaceOrientations = UIInterfaceOrientationPortrait;
				INFOPLIST_KEY_UISupportedInterfaceOrientations_iPad = "UIInterfaceOrientationPortrait UIInterfaceOrientationPortraitUpsideDown UIInterfaceOrientationLandscapeLeft UIInterfaceOrientationLandscapeRight";
				INFOPLIST_KEY_UISupportedInterfaceOrientations_iPhone = "UIInterfaceOrientationPortrait UIInterfaceOrientationLandscapeLeft UIInterfaceOrientationLandscapeRight";
				LD_RUNPATH_SEARCH_PATHS = (
					"$(inherited)",
					"@executable_path/Frameworks",
				);
				MARKETING_VERSION = 1.0;
				PRODUCT_BUNDLE_IDENTIFIER = "-234.ios-effective-labs";
				PRODUCT_NAME = "$(TARGET_NAME)";
				SWIFT_EMIT_LOC_STRINGS = YES;
				SWIFT_VERSION = 5.0;
				TARGETED_DEVICE_FAMILY = "1,2";
			};
			name = Debug;
		};
		52B564F9299E1C1700295B7F /* Release */ = {
			isa = XCBuildConfiguration;
			buildSettings = {
				ASSETCATALOG_COMPILER_APPICON_NAME = AppIcon;
				ASSETCATALOG_COMPILER_GLOBAL_ACCENT_COLOR_NAME = AccentColor;
				CODE_SIGN_STYLE = Automatic;
				CURRENT_PROJECT_VERSION = 1;
				DEVELOPMENT_TEAM = 5L432PDZBS;
				GENERATE_INFOPLIST_FILE = YES;
				INFOPLIST_FILE = "ios-effective-labs/Info.plist";
				INFOPLIST_KEY_UIApplicationSupportsIndirectInputEvents = YES;
				INFOPLIST_KEY_UILaunchStoryboardName = LaunchScreen;
				INFOPLIST_KEY_UISupportedInterfaceOrientations = UIInterfaceOrientationPortrait;
				INFOPLIST_KEY_UISupportedInterfaceOrientations_iPad = "UIInterfaceOrientationPortrait UIInterfaceOrientationPortraitUpsideDown UIInterfaceOrientationLandscapeLeft UIInterfaceOrientationLandscapeRight";
				INFOPLIST_KEY_UISupportedInterfaceOrientations_iPhone = "UIInterfaceOrientationPortrait UIInterfaceOrientationLandscapeLeft UIInterfaceOrientationLandscapeRight";
				LD_RUNPATH_SEARCH_PATHS = (
					"$(inherited)",
					"@executable_path/Frameworks",
				);
				MARKETING_VERSION = 1.0;
				PRODUCT_BUNDLE_IDENTIFIER = "-234.ios-effective-labs";
				PRODUCT_NAME = "$(TARGET_NAME)";
				SWIFT_EMIT_LOC_STRINGS = YES;
				SWIFT_VERSION = 5.0;
				TARGETED_DEVICE_FAMILY = "1,2";
			};
			name = Release;
		};
/* End XCBuildConfiguration section */

/* Begin XCConfigurationList section */
		52B564DE299E1C1600295B7F /* Build configuration list for PBXProject "ios-effective-labs" */ = {
			isa = XCConfigurationList;
			buildConfigurations = (
				52B564F5299E1C1700295B7F /* Debug */,
				52B564F6299E1C1700295B7F /* Release */,
			);
			defaultConfigurationIsVisible = 0;
			defaultConfigurationName = Release;
		};
		52B564F7299E1C1700295B7F /* Build configuration list for PBXNativeTarget "ios-effective-labs" */ = {
			isa = XCConfigurationList;
			buildConfigurations = (
				52B564F8299E1C1700295B7F /* Debug */,
				52B564F9299E1C1700295B7F /* Release */,
			);
			defaultConfigurationIsVisible = 0;
			defaultConfigurationName = Release;
		};
/* End XCConfigurationList section */

/* Begin XCRemoteSwiftPackageReference section */
		525689B529C1A222004AD4BA /* XCRemoteSwiftPackageReference "Alamofire" */ = {
			isa = XCRemoteSwiftPackageReference;
			repositoryURL = "https://github.com/Alamofire/Alamofire.git";
			requirement = {
				kind = upToNextMajorVersion;
				minimumVersion = 5.6.1;
			};
		};
		52C943AF29ABB51A0032B417 /* XCRemoteSwiftPackageReference "Kingfisher" */ = {
			isa = XCRemoteSwiftPackageReference;
			repositoryURL = "https://github.com/onevcat/Kingfisher.git";
			requirement = {
				kind = upToNextMajorVersion;
				minimumVersion = 7.0.0;
			};
		};
		52E3C6E2299FCC8600D7C18F /* XCRemoteSwiftPackageReference "CollectionViewPagingLayout" */ = {
			isa = XCRemoteSwiftPackageReference;
			repositoryURL = "https://github.com/amirdew/CollectionViewPagingLayout";
			requirement = {
				kind = upToNextMajorVersion;
				minimumVersion = 1.0.0;
			};
		};
/* End XCRemoteSwiftPackageReference section */

/* Begin XCSwiftPackageProductDependency section */
		525689B629C1A222004AD4BA /* Alamofire */ = {
			isa = XCSwiftPackageProductDependency;
			package = 525689B529C1A222004AD4BA /* XCRemoteSwiftPackageReference "Alamofire" */;
			productName = Alamofire;
		};
		52C943B029ABB51A0032B417 /* Kingfisher */ = {
			isa = XCSwiftPackageProductDependency;
			package = 52C943AF29ABB51A0032B417 /* XCRemoteSwiftPackageReference "Kingfisher" */;
			productName = Kingfisher;
		};
		52E3C6E3299FCC8600D7C18F /* CollectionViewPagingLayout */ = {
			isa = XCSwiftPackageProductDependency;
			package = 52E3C6E2299FCC8600D7C18F /* XCRemoteSwiftPackageReference "CollectionViewPagingLayout" */;
			productName = CollectionViewPagingLayout;
		};
/* End XCSwiftPackageProductDependency section */
	};
	rootObject = 52B564DB299E1C1600295B7F /* Project object */;
}
